
Microsoft Visual Studio Solution File, Format Version 12.00
# Visual Studio Version 17
VisualStudioVersion = 17.13.35931.197 d17.13
MinimumVisualStudioVersion = 10.0.40219.1
Project("{FAE04EC0-301F-11D3-BF4B-00C04F79EFBC}") = "ConsoleApp1", "ConsoleApp1.csproj", "{08D0ED03-96FB-49F1-A0DE-BEBE25AE4225}"
EndProject
Project("{FAE04EC0-301F-11D3-BF4B-00C04F79EFBC}") = "MyLib", "..\MyLib\MyLib.csproj", "{9766DA1E-E3E1-4A48-B809-037CBC17820B}"
EndProject
Global
	GlobalSection(SolutionConfigurationPlatforms) = preSolution
		Debug|Any CPU = Debug|Any CPU
		Release|Any CPU = Release|Any CPU
	EndGlobalSection
	GlobalSection(ProjectConfigurationPlatforms) = postSolution
		{08D0ED03-96FB-49F1-A0DE-BEBE25AE4225}.Debug|Any CPU.ActiveCfg = Debug|Any CPU
		{08D0ED03-96FB-49F1-A0DE-BEBE25AE4225}.Debug|Any CPU.Build.0 = Debug|Any CPU
		{08D0ED03-96FB-49F1-A0DE-BEBE25AE4225}.Release|Any CPU.ActiveCfg = Release|Any CPU
		{08D0ED03-96FB-49F1-A0DE-BEBE25AE4225}.Release|Any CPU.Build.0 = Release|Any CPU
		{9766DA1E-E3E1-4A48-B809-037CBC17820B}.Debug|Any CPU.ActiveCfg = Debug|Any CPU
		{9766DA1E-E3E1-4A48-B809-037CBC17820B}.Debug|Any CPU.Build.0 = Debug|Any CPU
		{9766DA1E-E3E1-4A48-B809-037CBC17820B}.Release|Any CPU.ActiveCfg = Release|Any CPU
		{9766DA1E-E3E1-4A48-B809-037CBC17820B}.Release|Any CPU.Build.0 = Release|Any CPU
	EndGlobalSection
	GlobalSection(SolutionProperties) = preSolution
		HideSolutionNode = FALSE
	EndGlobalSection
	GlobalSection(ExtensibilityGlobals) = postSolution
		SolutionGuid = {80F79740-27C2-428D-8139-AA4B32B69085}
	EndGlobalSection
EndGlobal
